{
  "name": "website",
  "version": "1.0.0",
  "lockfileVersion": 1,
  "requires": true,
  "dependencies": {
    "parse5": {
      "version": "6.0.0",
      "resolved": "https://registry.npmjs.org/parse5/-/parse5-6.0.0.tgz",
      "integrity": "sha512-lC0A+4DefTdRr+DLQlEwwZqndL9VzEjiuegI5bj3hp4bnzzwQldSqCpHv7+msRpSOHGJyJvkcCa4q15LMUJ8rg=="
    },
    "parse5-html-rewriting-stream": {
      "version": "6.0.0",
      "resolved": "https://registry.npmjs.org/parse5-html-rewriting-stream/-/parse5-html-rewriting-stream-6.0.0.tgz",
      "integrity": "sha512-EpttDKEdTHp0ZSnvYZR1BVaPIc9H8UTx4zIRyybtOYObm0HjBPs9CHoD5+KfLV8+hOI4ZbdCRJXmRvKtxnJkqg==",
      "requires": {
        "parse5": "^6.0.0",
        "parse5-sax-parser": "^6.0.0"
      }
    },
    "parse5-sax-parser": {
      "version": "6.0.0",
      "resolved": "https://registry.npmjs.org/parse5-sax-parser/-/parse5-sax-parser-6.0.0.tgz",
      "integrity": "sha512-dgswEN0I3BoGLIKusgLHtYPwqGwg5lWiSGR2DZkQcq8VUXYLiKoAF8JE4xVd4Rb9H5PZLcvOixAau223dGcOsg==",
      "requires": {
        "parse5": "^6.0.0"
      }
    }
  }
}
